
Microsoft Visual Studio Solution File, Format Version 12.00
# Visual Studio 15
VisualStudioVersion = 15.0.28307.329
MinimumVisualStudioVersion = 10.0.40219.1
Project("{FAE04EC0-301F-11D3-BF4B-00C04F79EFBC}") = "GettingStringyConsoleApp", "GettingStringyConsoleApp\GettingStringyConsoleApp.csproj", "{BFB732A3-904B-4AD6-8DB3-760CD96C4D64}"
EndProject
Global
	GlobalSection(SolutionConfigurationPlatforms) = preSolution
		Debug|Any CPU = Debug|Any CPU
		Release|Any CPU = Release|Any CPU
	EndGlobalSection
	GlobalSection(ProjectConfigurationPlatforms) = postSolution
		{BFB732A3-904B-4AD6-8DB3-760CD96C4D64}.Debug|Any CPU.ActiveCfg = Debug|Any CPU
		{BFB732A3-904B-4AD6-8DB3-760CD96C4D64}.Debug|Any CPU.Build.0 = Debug|Any CPU
		{BFB732A3-904B-4AD6-8DB3-760CD96C4D64}.Release|Any CPU.ActiveCfg = Release|Any CPU
		{BFB732A3-904B-4AD6-8DB3-760CD96C4D64}.Release|Any CPU.Build.0 = Release|Any CPU
	EndGlobalSection
	GlobalSection(SolutionProperties) = preSolution
		HideSolutionNode = FALSE
	EndGlobalSection
	GlobalSection(ExtensibilityGlobals) = postSolution
		SolutionGuid = {C07B871E-0862-4A97-8A1F-D34E77D8CE3D}
	EndGlobalSection
EndGlobal
